<?xml version="1.0" encoding="UTF-8"?>
<!DOCTYPE plist PUBLIC "-//Apple//DTD PLIST 1.0//EN" "http://www.apple.com/DTDs/PropertyList-1.0.dtd">
<plist version="1.0">
<dict>
	<key>archiveVersion</key>
	<string>1</string>
	<key>classes</key>
	<dict/>
	<key>objectVersion</key>
	<string>46</string>
	<key>objects</key>
	<dict>
		<key>03F5F1DDB242EF93CD494E31</key>
		<dict>
			<key>children</key>
			<array>
				<string>E091D1329B5750BFB867C96D</string>
			</array>
			<key>isa</key>
			<string>PBXGroup</string>
			<key>name</key>
			<string>Frameworks</string>
			<key>sourceTree</key>
			<string>&lt;group&gt;</string>
		</dict>
		<key>3DB354D3BA0E156505FFD26C</key>
		<dict>
			<key>fileRef</key>
			<string>E091D1329B5750BFB867C96D</string>
			<key>isa</key>
			<string>PBXBuildFile</string>
		</dict>
		<key>3ED595DC19DE5E92001154B5</key>
		<dict>
			<key>children</key>
			<array>
				<string>3ED595E719DE5E92001154B5</string>
				<string>3ED5960119DE5E92001154B5</string>
				<string>3ED595E619DE5E92001154B5</string>
				<string>67580414AB285F1A900EF4CB</string>
				<string>03F5F1DDB242EF93CD494E31</string>
			</array>
			<key>isa</key>
			<string>PBXGroup</string>
			<key>sourceTree</key>
			<string>&lt;group&gt;</string>
		</dict>
		<key>3ED595DD19DE5E92001154B5</key>
		<dict>
			<key>attributes</key>
			<dict>
				<key>LastUpgradeCheck</key>
				<string>0600</string>
				<key>ORGANIZATIONNAME</key>
				<string>masaaki goshima</string>
				<key>TargetAttributes</key>
				<dict>
					<key>3ED595E419DE5E92001154B5</key>
					<dict>
						<key>CreatedOnToolsVersion</key>
						<string>6.0.1</string>
					</dict>
					<key>3ED595FD19DE5E92001154B5</key>
					<dict>
						<key>CreatedOnToolsVersion</key>
						<string>6.0.1</string>
						<key>TestTargetID</key>
						<string>3ED595E419DE5E92001154B5</string>
					</dict>
				</dict>
			</dict>
			<key>buildConfigurationList</key>
			<string>3ED595E019DE5E92001154B5</string>
			<key>compatibilityVersion</key>
			<string>Xcode 3.2</string>
			<key>developmentRegion</key>
			<string>English</string>
			<key>hasScannedForEncodings</key>
			<string>0</string>
			<key>isa</key>
			<string>PBXProject</string>
			<key>knownRegions</key>
			<array>
				<string>en</string>
				<string>Base</string>
			</array>
			<key>mainGroup</key>
			<string>3ED595DC19DE5E92001154B5</string>
			<key>productRefGroup</key>
			<string>3ED595E619DE5E92001154B5</string>
			<key>projectDirPath</key>
			<string></string>
			<key>projectReferences</key>
			<array/>
			<key>projectRoot</key>
			<string></string>
			<key>targets</key>
			<array>
				<string>3ED595E419DE5E92001154B5</string>
				<string>3ED595FD19DE5E92001154B5</string>
			</array>
		</dict>
		<key>3ED595E019DE5E92001154B5</key>
		<dict>
			<key>buildConfigurations</key>
			<array>
				<string>3ED5960619DE5E92001154B5</string>
				<string>3ED5960719DE5E92001154B5</string>
			</array>
			<key>defaultConfigurationIsVisible</key>
			<string>0</string>
			<key>defaultConfigurationName</key>
			<string>Release</string>
			<key>isa</key>
			<string>XCConfigurationList</string>
		</dict>
		<key>3ED595E119DE5E92001154B5</key>
		<dict>
			<key>buildActionMask</key>
			<string>2147483647</string>
			<key>files</key>
			<array>
				<string>3ED595F119DE5E92001154B5</string>
				<string>3ED595EE19DE5E92001154B5</string>
				<string>3ED595EB19DE5E92001154B5</string>
			</array>
			<key>isa</key>
			<string>PBXSourcesBuildPhase</string>
			<key>runOnlyForDeploymentPostprocessing</key>
			<string>0</string>
		</dict>
		<key>3ED595E219DE5E92001154B5</key>
		<dict>
			<key>buildActionMask</key>
			<string>2147483647</string>
			<key>files</key>
			<array>
				<string>3DB354D3BA0E156505FFD26C</string>
			</array>
			<key>isa</key>
			<string>PBXFrameworksBuildPhase</string>
			<key>runOnlyForDeploymentPostprocessing</key>
			<string>0</string>
		</dict>
		<key>3ED595E319DE5E92001154B5</key>
		<dict>
			<key>buildActionMask</key>
			<string>2147483647</string>
			<key>files</key>
			<array>
				<string>3ED5964619DE7F90001154B5</string>
				<string>3ED5964719DE7F90001154B5</string>
				<string>3ED5964119DE7F86001154B5</string>
				<string>3ED595F419DE5E92001154B5</string>
				<string>3ED595F919DE5E92001154B5</string>
				<string>3ED5964919DE7F90001154B5</string>
				<string>3ED5964819DE7F90001154B5</string>
				<string>3ED595F619DE5E92001154B5</string>
			</array>
			<key>isa</key>
			<string>PBXResourcesBuildPhase</string>
			<key>runOnlyForDeploymentPostprocessing</key>
			<string>0</string>
		</dict>
		<key>3ED595E419DE5E92001154B5</key>
		<dict>
			<key>buildConfigurationList</key>
			<string>3ED5960819DE5E92001154B5</string>
			<key>buildPhases</key>
			<array>
				<string>B26D76DE971AB60AF429F59D</string>
				<string>3ED595E119DE5E92001154B5</string>
				<string>3ED595E219DE5E92001154B5</string>
				<string>3ED595E319DE5E92001154B5</string>
				<string>415C28C783DE9ABE11EBB177</string>
			</array>
			<key>buildRules</key>
			<array/>
			<key>dependencies</key>
			<array/>
			<key>isa</key>
			<string>PBXNativeTarget</string>
			<key>name</key>
			<string>PhotoFilterProcessorSample</string>
			<key>productName</key>
			<string>PhotoFilterProcessorSample</string>
			<key>productReference</key>
			<string>3ED595E519DE5E92001154B5</string>
			<key>productType</key>
			<string>com.apple.product-type.application</string>
		</dict>
		<key>3ED595E519DE5E92001154B5</key>
		<dict>
			<key>explicitFileType</key>
			<string>wrapper.application</string>
			<key>includeInIndex</key>
			<string>0</string>
			<key>isa</key>
			<string>PBXFileReference</string>
			<key>path</key>
			<string>PhotoFilterProcessorSample.app</string>
			<key>sourceTree</key>
			<string>BUILT_PRODUCTS_DIR</string>
		</dict>
		<key>3ED595E619DE5E92001154B5</key>
		<dict>
			<key>children</key>
			<array>
				<string>3ED595E519DE5E92001154B5</string>
				<string>3ED595FE19DE5E92001154B5</string>
			</array>
			<key>isa</key>
			<string>PBXGroup</string>
			<key>name</key>
			<string>Products</string>
			<key>sourceTree</key>
			<string>&lt;group&gt;</string>
		</dict>
		<key>3ED595E719DE5E92001154B5</key>
		<dict>
			<key>children</key>
			<array>
				<string>3ED5960E19DE5EB2001154B5</string>
				<string>3ED595EC19DE5E92001154B5</string>
				<string>3ED595ED19DE5E92001154B5</string>
				<string>3ED595EF19DE5E92001154B5</string>
				<string>3ED595F019DE5E92001154B5</string>
				<string>3ED595F219DE5E92001154B5</string>
				<string>3ED595F519DE5E92001154B5</string>
				<string>3ED595F719DE5E92001154B5</string>
				<string>3ED595E819DE5E92001154B5</string>
			</array>
			<key>isa</key>
			<string>PBXGroup</string>
			<key>path</key>
			<string>PhotoFilterProcessorSample</string>
			<key>sourceTree</key>
			<string>&lt;group&gt;</string>
		</dict>
		<key>3ED595E819DE5E92001154B5</key>
		<dict>
			<key>children</key>
			<array>
				<string>3ED595E919DE5E92001154B5</string>
				<string>3ED595EA19DE5E92001154B5</string>
			</array>
			<key>isa</key>
			<string>PBXGroup</string>
			<key>name</key>
			<string>Supporting Files</string>
			<key>sourceTree</key>
			<string>&lt;group&gt;</string>
		</dict>
		<key>3ED595E919DE5E92001154B5</key>
		<dict>
			<key>isa</key>
			<string>PBXFileReference</string>
			<key>lastKnownFileType</key>
			<string>text.plist.xml</string>
			<key>path</key>
			<string>Info.plist</string>
			<key>sourceTree</key>
			<string>&lt;group&gt;</string>
		</dict>
		<key>3ED595EA19DE5E92001154B5</key>
		<dict>
			<key>isa</key>
			<string>PBXFileReference</string>
			<key>lastKnownFileType</key>
			<string>sourcecode.c.objc</string>
			<key>path</key>
			<string>main.m</string>
			<key>sourceTree</key>
			<string>&lt;group&gt;</string>
		</dict>
		<key>3ED595EB19DE5E92001154B5</key>
		<dict>
			<key>fileRef</key>
			<string>3ED595EA19DE5E92001154B5</string>
			<key>isa</key>
			<string>PBXBuildFile</string>
		</dict>
		<key>3ED595EC19DE5E92001154B5</key>
		<dict>
			<key>isa</key>
			<string>PBXFileReference</string>
			<key>lastKnownFileType</key>
			<string>sourcecode.c.h</string>
			<key>path</key>
			<string>AppDelegate.h</string>
			<key>sourceTree</key>
			<string>&lt;group&gt;</string>
		</dict>
		<key>3ED595ED19DE5E92001154B5</key>
		<dict>
			<key>isa</key>
			<string>PBXFileReference</string>
			<key>lastKnownFileType</key>
			<string>sourcecode.c.objc</string>
			<key>path</key>
			<string>AppDelegate.m</string>
			<key>sourceTree</key>
			<string>&lt;group&gt;</string>
		</dict>
		<key>3ED595EE19DE5E92001154B5</key>
		<dict>
			<key>fileRef</key>
			<string>3ED595ED19DE5E92001154B5</string>
			<key>isa</key>
			<string>PBXBuildFile</string>
		</dict>
		<key>3ED595EF19DE5E92001154B5</key>
		<dict>
			<key>isa</key>
			<string>PBXFileReference</string>
			<key>lastKnownFileType</key>
			<string>sourcecode.c.h</string>
			<key>path</key>
			<string>ViewController.h</string>
			<key>sourceTree</key>
			<string>&lt;group&gt;</string>
		</dict>
		<key>3ED595F019DE5E92001154B5</key>
		<dict>
			<key>isa</key>
			<string>PBXFileReference</string>
			<key>lastKnownFileType</key>
			<string>sourcecode.c.objc</string>
			<key>path</key>
			<string>ViewController.m</string>
			<key>sourceTree</key>
			<string>&lt;group&gt;</string>
		</dict>
		<key>3ED595F119DE5E92001154B5</key>
		<dict>
			<key>fileRef</key>
			<string>3ED595F019DE5E92001154B5</string>
			<key>isa</key>
			<string>PBXBuildFile</string>
		</dict>
		<key>3ED595F219DE5E92001154B5</key>
		<dict>
			<key>children</key>
			<array>
				<string>3ED595F319DE5E92001154B5</string>
			</array>
			<key>isa</key>
			<string>PBXVariantGroup</string>
			<key>name</key>
			<string>Main.storyboard</string>
			<key>sourceTree</key>
			<string>&lt;group&gt;</string>
		</dict>
		<key>3ED595F319DE5E92001154B5</key>
		<dict>
			<key>isa</key>
			<string>PBXFileReference</string>
			<key>lastKnownFileType</key>
			<string>file.storyboard</string>
			<key>name</key>
			<string>Base</string>
			<key>path</key>
			<string>Base.lproj/Main.storyboard</string>
			<key>sourceTree</key>
			<string>&lt;group&gt;</string>
		</dict>
		<key>3ED595F419DE5E92001154B5</key>
		<dict>
			<key>fileRef</key>
			<string>3ED595F219DE5E92001154B5</string>
			<key>isa</key>
			<string>PBXBuildFile</string>
		</dict>
		<key>3ED595F519DE5E92001154B5</key>
		<dict>
			<key>isa</key>
			<string>PBXFileReference</string>
			<key>lastKnownFileType</key>
			<string>folder.assetcatalog</string>
			<key>path</key>
			<string>Images.xcassets</string>
			<key>sourceTree</key>
			<string>&lt;group&gt;</string>
		</dict>
		<key>3ED595F619DE5E92001154B5</key>
		<dict>
			<key>fileRef</key>
			<string>3ED595F519DE5E92001154B5</string>
			<key>isa</key>
			<string>PBXBuildFile</string>
		</dict>
		<key>3ED595F719DE5E92001154B5</key>
		<dict>
			<key>children</key>
			<array>
				<string>3ED595F819DE5E92001154B5</string>
			</array>
			<key>isa</key>
			<string>PBXVariantGroup</string>
			<key>name</key>
			<string>LaunchScreen.xib</string>
			<key>sourceTree</key>
			<string>&lt;group&gt;</string>
		</dict>
		<key>3ED595F819DE5E92001154B5</key>
		<dict>
			<key>isa</key>
			<string>PBXFileReference</string>
			<key>lastKnownFileType</key>
			<string>file.xib</string>
			<key>name</key>
			<string>Base</string>
			<key>path</key>
			<string>Base.lproj/LaunchScreen.xib</string>
			<key>sourceTree</key>
			<string>&lt;group&gt;</string>
		</dict>
		<key>3ED595F919DE5E92001154B5</key>
		<dict>
			<key>fileRef</key>
			<string>3ED595F719DE5E92001154B5</string>
			<key>isa</key>
			<string>PBXBuildFile</string>
		</dict>
		<key>3ED595FA19DE5E92001154B5</key>
		<dict>
			<key>buildActionMask</key>
			<string>2147483647</string>
			<key>files</key>
			<array>
				<string>3ED5960519DE5E92001154B5</string>
			</array>
			<key>isa</key>
			<string>PBXSourcesBuildPhase</string>
			<key>runOnlyForDeploymentPostprocessing</key>
			<string>0</string>
		</dict>
		<key>3ED595FB19DE5E92001154B5</key>
		<dict>
			<key>buildActionMask</key>
			<string>2147483647</string>
			<key>files</key>
			<array/>
			<key>isa</key>
			<string>PBXFrameworksBuildPhase</string>
			<key>runOnlyForDeploymentPostprocessing</key>
			<string>0</string>
		</dict>
		<key>3ED595FC19DE5E92001154B5</key>
		<dict>
			<key>buildActionMask</key>
			<string>2147483647</string>
			<key>files</key>
			<array/>
			<key>isa</key>
			<string>PBXResourcesBuildPhase</string>
			<key>runOnlyForDeploymentPostprocessing</key>
			<string>0</string>
		</dict>
		<key>3ED595FD19DE5E92001154B5</key>
		<dict>
			<key>buildConfigurationList</key>
			<string>3ED5960B19DE5E92001154B5</string>
			<key>buildPhases</key>
			<array>
				<string>3ED595FA19DE5E92001154B5</string>
				<string>3ED595FB19DE5E92001154B5</string>
				<string>3ED595FC19DE5E92001154B5</string>
			</array>
			<key>buildRules</key>
			<array/>
			<key>dependencies</key>
			<array>
				<string>3ED5960019DE5E92001154B5</string>
			</array>
			<key>isa</key>
			<string>PBXNativeTarget</string>
			<key>name</key>
			<string>PhotoFilterProcessorSampleTests</string>
			<key>productName</key>
			<string>PhotoFilterProcessorSampleTests</string>
			<key>productReference</key>
			<string>3ED595FE19DE5E92001154B5</string>
			<key>productType</key>
			<string>com.apple.product-type.bundle.unit-test</string>
		</dict>
		<key>3ED595FE19DE5E92001154B5</key>
		<dict>
			<key>explicitFileType</key>
			<string>wrapper.cfbundle</string>
			<key>includeInIndex</key>
			<string>0</string>
			<key>isa</key>
			<string>PBXFileReference</string>
			<key>path</key>
			<string>PhotoFilterProcessorSampleTests.xctest</string>
			<key>sourceTree</key>
			<string>BUILT_PRODUCTS_DIR</string>
		</dict>
		<key>3ED595FF19DE5E92001154B5</key>
		<dict>
			<key>containerPortal</key>
			<string>3ED595DD19DE5E92001154B5</string>
			<key>isa</key>
			<string>PBXContainerItemProxy</string>
			<key>proxyType</key>
			<string>1</string>
			<key>remoteGlobalIDString</key>
			<string>3ED595E419DE5E92001154B5</string>
			<key>remoteInfo</key>
			<string>PhotoFilterProcessorSample</string>
		</dict>
		<key>3ED5960019DE5E92001154B5</key>
		<dict>
			<key>isa</key>
			<string>PBXTargetDependency</string>
			<key>target</key>
			<string>3ED595E419DE5E92001154B5</string>
			<key>targetProxy</key>
			<string>3ED595FF19DE5E92001154B5</string>
		</dict>
		<key>3ED5960119DE5E92001154B5</key>
		<dict>
			<key>children</key>
			<array>
				<string>3ED5960419DE5E92001154B5</string>
				<string>3ED5960219DE5E92001154B5</string>
			</array>
			<key>isa</key>
			<string>PBXGroup</string>
			<key>path</key>
			<string>PhotoFilterProcessorSampleTests</string>
			<key>sourceTree</key>
			<string>&lt;group&gt;</string>
		</dict>
		<key>3ED5960219DE5E92001154B5</key>
		<dict>
			<key>children</key>
			<array>
				<string>3ED5960319DE5E92001154B5</string>
			</array>
			<key>isa</key>
			<string>PBXGroup</string>
			<key>name</key>
			<string>Supporting Files</string>
			<key>sourceTree</key>
			<string>&lt;group&gt;</string>
		</dict>
		<key>3ED5960319DE5E92001154B5</key>
		<dict>
			<key>isa</key>
			<string>PBXFileReference</string>
			<key>lastKnownFileType</key>
			<string>text.plist.xml</string>
			<key>path</key>
			<string>Info.plist</string>
			<key>sourceTree</key>
			<string>&lt;group&gt;</string>
		</dict>
		<key>3ED5960419DE5E92001154B5</key>
		<dict>
			<key>isa</key>
			<string>PBXFileReference</string>
			<key>lastKnownFileType</key>
			<string>sourcecode.c.objc</string>
			<key>path</key>
			<string>PhotoFilterProcessorSampleTests.m</string>
			<key>sourceTree</key>
			<string>&lt;group&gt;</string>
		</dict>
		<key>3ED5960519DE5E92001154B5</key>
		<dict>
			<key>fileRef</key>
			<string>3ED5960419DE5E92001154B5</string>
			<key>isa</key>
			<string>PBXBuildFile</string>
		</dict>
		<key>3ED5960619DE5E92001154B5</key>
		<dict>
			<key>buildSettings</key>
			<dict>
				<key>ALWAYS_SEARCH_USER_PATHS</key>
				<string>NO</string>
				<key>CLANG_CXX_LANGUAGE_STANDARD</key>
				<string>gnu++0x</string>
				<key>CLANG_CXX_LIBRARY</key>
				<string>libc++</string>
				<key>CLANG_ENABLE_MODULES</key>
				<string>YES</string>
				<key>CLANG_ENABLE_OBJC_ARC</key>
				<string>YES</string>
				<key>CLANG_WARN_BOOL_CONVERSION</key>
				<string>YES</string>
				<key>CLANG_WARN_CONSTANT_CONVERSION</key>
				<string>YES</string>
				<key>CLANG_WARN_DIRECT_OBJC_ISA_USAGE</key>
				<string>YES_ERROR</string>
				<key>CLANG_WARN_EMPTY_BODY</key>
				<string>YES</string>
				<key>CLANG_WARN_ENUM_CONVERSION</key>
				<string>YES</string>
				<key>CLANG_WARN_INT_CONVERSION</key>
				<string>YES</string>
				<key>CLANG_WARN_OBJC_ROOT_CLASS</key>
				<string>YES_ERROR</string>
				<key>CLANG_WARN_UNREACHABLE_CODE</key>
				<string>YES</string>
				<key>CLANG_WARN__DUPLICATE_METHOD_MATCH</key>
				<string>YES</string>
				<key>CODE_SIGN_IDENTITY[sdk=iphoneos*]</key>
				<string>iPhone Developer</string>
				<key>COPY_PHASE_STRIP</key>
				<string>NO</string>
				<key>ENABLE_STRICT_OBJC_MSGSEND</key>
				<string>YES</string>
				<key>GCC_C_LANGUAGE_STANDARD</key>
				<string>gnu99</string>
				<key>GCC_DYNAMIC_NO_PIC</key>
				<string>NO</string>
				<key>GCC_OPTIMIZATION_LEVEL</key>
				<string>0</string>
				<key>GCC_PREPROCESSOR_DEFINITIONS</key>
				<array>
					<string>DEBUG=1</string>
					<string>$(inherited)</string>
				</array>
				<key>GCC_SYMBOLS_PRIVATE_EXTERN</key>
				<string>NO</string>
				<key>GCC_WARN_64_TO_32_BIT_CONVERSION</key>
				<string>YES</string>
				<key>GCC_WARN_ABOUT_RETURN_TYPE</key>
				<string>YES_ERROR</string>
				<key>GCC_WARN_UNDECLARED_SELECTOR</key>
				<string>YES</string>
				<key>GCC_WARN_UNINITIALIZED_AUTOS</key>
				<string>YES_AGGRESSIVE</string>
				<key>GCC_WARN_UNUSED_FUNCTION</key>
				<string>YES</string>
				<key>GCC_WARN_UNUSED_VARIABLE</key>
				<string>YES</string>
				<key>IPHONEOS_DEPLOYMENT_TARGET</key>
				<string>8.0</string>
				<key>MTL_ENABLE_DEBUG_INFO</key>
				<string>YES</string>
				<key>ONLY_ACTIVE_ARCH</key>
				<string>YES</string>
				<key>SDKROOT</key>
				<string>iphoneos</string>
				<key>TARGETED_DEVICE_FAMILY</key>
				<string>1,2</string>
			</dict>
			<key>isa</key>
			<string>XCBuildConfiguration</string>
			<key>name</key>
			<string>Debug</string>
		</dict>
		<key>3ED5960719DE5E92001154B5</key>
		<dict>
			<key>buildSettings</key>
			<dict>
				<key>ALWAYS_SEARCH_USER_PATHS</key>
				<string>NO</string>
				<key>CLANG_CXX_LANGUAGE_STANDARD</key>
				<string>gnu++0x</string>
				<key>CLANG_CXX_LIBRARY</key>
				<string>libc++</string>
				<key>CLANG_ENABLE_MODULES</key>
				<string>YES</string>
				<key>CLANG_ENABLE_OBJC_ARC</key>
				<string>YES</string>
				<key>CLANG_WARN_BOOL_CONVERSION</key>
				<string>YES</string>
				<key>CLANG_WARN_CONSTANT_CONVERSION</key>
				<string>YES</string>
				<key>CLANG_WARN_DIRECT_OBJC_ISA_USAGE</key>
				<string>YES_ERROR</string>
				<key>CLANG_WARN_EMPTY_BODY</key>
				<string>YES</string>
				<key>CLANG_WARN_ENUM_CONVERSION</key>
				<string>YES</string>
				<key>CLANG_WARN_INT_CONVERSION</key>
				<string>YES</string>
				<key>CLANG_WARN_OBJC_ROOT_CLASS</key>
				<string>YES_ERROR</string>
				<key>CLANG_WARN_UNREACHABLE_CODE</key>
				<string>YES</string>
				<key>CLANG_WARN__DUPLICATE_METHOD_MATCH</key>
				<string>YES</string>
				<key>CODE_SIGN_IDENTITY[sdk=iphoneos*]</key>
				<string>iPhone Developer</string>
				<key>COPY_PHASE_STRIP</key>
				<string>YES</string>
				<key>ENABLE_NS_ASSERTIONS</key>
				<string>NO</string>
				<key>ENABLE_STRICT_OBJC_MSGSEND</key>
				<string>YES</string>
				<key>GCC_C_LANGUAGE_STANDARD</key>
				<string>gnu99</string>
				<key>GCC_WARN_64_TO_32_BIT_CONVERSION</key>
				<string>YES</string>
				<key>GCC_WARN_ABOUT_RETURN_TYPE</key>
				<string>YES_ERROR</string>
				<key>GCC_WARN_UNDECLARED_SELECTOR</key>
				<string>YES</string>
				<key>GCC_WARN_UNINITIALIZED_AUTOS</key>
				<string>YES_AGGRESSIVE</string>
				<key>GCC_WARN_UNUSED_FUNCTION</key>
				<string>YES</string>
				<key>GCC_WARN_UNUSED_VARIABLE</key>
				<string>YES</string>
				<key>IPHONEOS_DEPLOYMENT_TARGET</key>
				<string>8.0</string>
				<key>MTL_ENABLE_DEBUG_INFO</key>
				<string>NO</string>
				<key>SDKROOT</key>
				<string>iphoneos</string>
				<key>TARGETED_DEVICE_FAMILY</key>
				<string>1,2</string>
				<key>VALIDATE_PRODUCT</key>
				<string>YES</string>
			</dict>
			<key>isa</key>
			<string>XCBuildConfiguration</string>
			<key>name</key>
			<string>Release</string>
		</dict>
		<key>3ED5960819DE5E92001154B5</key>
		<dict>
			<key>buildConfigurations</key>
			<array>
				<string>3ED5960919DE5E92001154B5</string>
				<string>3ED5960A19DE5E92001154B5</string>
			</array>
			<key>defaultConfigurationIsVisible</key>
			<string>0</string>
			<key>defaultConfigurationName</key>
			<string>Release</string>
			<key>isa</key>
			<string>XCConfigurationList</string>
		</dict>
		<key>3ED5960919DE5E92001154B5</key>
		<dict>
			<key>baseConfigurationReference</key>
			<string>EE25D9E6257EC5364FD3A1AE</string>
			<key>buildSettings</key>
			<dict>
				<key>ASSETCATALOG_COMPILER_APPICON_NAME</key>
				<string>AppIcon</string>
				<key>INFOPLIST_FILE</key>
				<string>PhotoFilterProcessorSample/Info.plist</string>
				<key>LD_RUNPATH_SEARCH_PATHS</key>
				<string>$(inherited) @executable_path/Frameworks</string>
				<key>PRODUCT_NAME</key>
				<string>$(TARGET_NAME)</string>
			</dict>
			<key>isa</key>
			<string>XCBuildConfiguration</string>
			<key>name</key>
			<string>Debug</string>
		</dict>
		<key>3ED5960A19DE5E92001154B5</key>
		<dict>
			<key>baseConfigurationReference</key>
			<string>87FA72EFEB4F8E5484D98D2A</string>
			<key>buildSettings</key>
			<dict>
				<key>ASSETCATALOG_COMPILER_APPICON_NAME</key>
				<string>AppIcon</string>
				<key>INFOPLIST_FILE</key>
				<string>PhotoFilterProcessorSample/Info.plist</string>
				<key>LD_RUNPATH_SEARCH_PATHS</key>
				<string>$(inherited) @executable_path/Frameworks</string>
				<key>PRODUCT_NAME</key>
				<string>$(TARGET_NAME)</string>
			</dict>
			<key>isa</key>
			<string>XCBuildConfiguration</string>
			<key>name</key>
			<string>Release</string>
		</dict>
		<key>3ED5960B19DE5E92001154B5</key>
		<dict>
			<key>buildConfigurations</key>
			<array>
				<string>3ED5960C19DE5E92001154B5</string>
				<string>3ED5960D19DE5E92001154B5</string>
			</array>
			<key>defaultConfigurationIsVisible</key>
			<string>0</string>
			<key>defaultConfigurationName</key>
			<string>Release</string>
			<key>isa</key>
			<string>XCConfigurationList</string>
		</dict>
		<key>3ED5960C19DE5E92001154B5</key>
		<dict>
			<key>buildSettings</key>
			<dict>
				<key>BUNDLE_LOADER</key>
				<string>$(TEST_HOST)</string>
				<key>FRAMEWORK_SEARCH_PATHS</key>
				<array>
					<string>$(SDKROOT)/Developer/Library/Frameworks</string>
					<string>$(inherited)</string>
				</array>
				<key>GCC_PREPROCESSOR_DEFINITIONS</key>
				<array>
					<string>DEBUG=1</string>
					<string>$(inherited)</string>
				</array>
				<key>INFOPLIST_FILE</key>
				<string>PhotoFilterProcessorSampleTests/Info.plist</string>
				<key>LD_RUNPATH_SEARCH_PATHS</key>
				<string>$(inherited) @executable_path/Frameworks @loader_path/Frameworks</string>
				<key>PRODUCT_NAME</key>
				<string>$(TARGET_NAME)</string>
				<key>TEST_HOST</key>
				<string>$(BUILT_PRODUCTS_DIR)/PhotoFilterProcessorSample.app/PhotoFilterProcessorSample</string>
			</dict>
			<key>isa</key>
			<string>XCBuildConfiguration</string>
			<key>name</key>
			<string>Debug</string>
		</dict>
		<key>3ED5960D19DE5E92001154B5</key>
		<dict>
			<key>buildSettings</key>
			<dict>
				<key>BUNDLE_LOADER</key>
				<string>$(TEST_HOST)</string>
				<key>FRAMEWORK_SEARCH_PATHS</key>
				<array>
					<string>$(SDKROOT)/Developer/Library/Frameworks</string>
					<string>$(inherited)</string>
				</array>
				<key>INFOPLIST_FILE</key>
				<string>PhotoFilterProcessorSampleTests/Info.plist</string>
				<key>LD_RUNPATH_SEARCH_PATHS</key>
				<string>$(inherited) @executable_path/Frameworks @loader_path/Frameworks</string>
				<key>PRODUCT_NAME</key>
				<string>$(TARGET_NAME)</string>
				<key>TEST_HOST</key>
				<string>$(BUILT_PRODUCTS_DIR)/PhotoFilterProcessorSample.app/PhotoFilterProcessorSample</string>
			</dict>
			<key>isa</key>
			<string>XCBuildConfiguration</string>
			<key>name</key>
			<string>Release</string>
		</dict>
		<key>3ED5960E19DE5EB2001154B5</key>
		<dict>
			<key>children</key>
			<array>
				<string>3ED5964019DE7F86001154B5</string>
				<string>3ED5960F19DE5EB9001154B5</string>
			</array>
			<key>isa</key>
			<string>PBXGroup</string>
			<key>name</key>
			<string>Resources</string>
			<key>sourceTree</key>
			<string>&lt;group&gt;</string>
		</dict>
		<key>3ED5960F19DE5EB9001154B5</key>
		<dict>
			<key>children</key>
			<array>
				<string>3ED5964219DE7F90001154B5</string>
				<string>3ED5964319DE7F90001154B5</string>
				<string>3ED5964419DE7F90001154B5</string>
				<string>3ED5964519DE7F90001154B5</string>
			</array>
			<key>isa</key>
			<string>PBXGroup</string>
			<key>name</key>
			<string>filters</string>
			<key>sourceTree</key>
			<string>&lt;group&gt;</string>
		</dict>
		<key>3ED5964019DE7F86001154B5</key>
		<dict>
			<key>isa</key>
			<string>PBXFileReference</string>
			<key>lastKnownFileType</key>
			<string>image.png</string>
			<key>name</key>
			<string>original.png</string>
			<key>path</key>
			<string>Resources/original.png</string>
			<key>sourceTree</key>
			<string>SOURCE_ROOT</string>
		</dict>
		<key>3ED5964119DE7F86001154B5</key>
		<dict>
			<key>fileRef</key>
			<string>3ED5964019DE7F86001154B5</string>
			<key>isa</key>
			<string>PBXBuildFile</string>
		</dict>
		<key>3ED5964219DE7F90001154B5</key>
		<dict>
			<key>fileEncoding</key>
			<string>4</string>
			<key>isa</key>
			<string>PBXFileReference</string>
			<key>lastKnownFileType</key>
			<string>text.json</string>
			<key>name</key>
			<string>dddd-filter.json</string>
			<key>path</key>
			<string>Resources/filters/dddd-filter.json</string>
			<key>sourceTree</key>
			<string>SOURCE_ROOT</string>
		</dict>
		<key>3ED5964319DE7F90001154B5</key>
		<dict>
			<key>isa</key>
			<string>PBXFileReference</string>
			<key>lastKnownFileType</key>
			<string>image.png</string>
			<key>name</key>
			<string>fullResolution-5C15BAD52D6F49007AC24EFF88E88388.png</string>
			<key>path</key>
			<string>Resources/filters/fullResolution-5C15BAD52D6F49007AC24EFF88E88388.png</string>
			<key>sourceTree</key>
			<string>SOURCE_ROOT</string>
		</dict>
		<key>3ED5964419DE7F90001154B5</key>
		<dict>
			<key>isa</key>
			<string>PBXFileReference</string>
			<key>lastKnownFileType</key>
			<string>image.png</string>
			<key>name</key>
			<string>fullScreen-5C15BAD52D6F49007AC24EFF88E88388.png</string>
			<key>path</key>
			<string>Resources/filters/fullScreen-5C15BAD52D6F49007AC24EFF88E88388.png</string>
			<key>sourceTree</key>
			<string>SOURCE_ROOT</string>
		</dict>
		<key>3ED5964519DE7F90001154B5</key>
		<dict>
			<key>isa</key>
			<string>PBXFileReference</string>
			<key>lastKnownFileType</key>
			<string>image.png</string>
			<key>name</key>
			<string>thumbnail-5C15BAD52D6F49007AC24EFF88E88388.png</string>
			<key>path</key>
			<string>Resources/filters/thumbnail-5C15BAD52D6F49007AC24EFF88E88388.png</string>
			<key>sourceTree</key>
			<string>SOURCE_ROOT</string>
		</dict>
		<key>3ED5964619DE7F90001154B5</key>
		<dict>
			<key>fileRef</key>
			<string>3ED5964219DE7F90001154B5</string>
			<key>isa</key>
			<string>PBXBuildFile</string>
		</dict>
		<key>3ED5964719DE7F90001154B5</key>
		<dict>
			<key>fileRef</key>
			<string>3ED5964319DE7F90001154B5</string>
			<key>isa</key>
			<string>PBXBuildFile</string>
		</dict>
		<key>3ED5964819DE7F90001154B5</key>
		<dict>
			<key>fileRef</key>
			<string>3ED5964419DE7F90001154B5</string>
			<key>isa</key>
			<string>PBXBuildFile</string>
		</dict>
		<key>3ED5964919DE7F90001154B5</key>
		<dict>
			<key>fileRef</key>
			<string>3ED5964519DE7F90001154B5</string>
			<key>isa</key>
			<string>PBXBuildFile</string>
		</dict>
		<key>415C28C783DE9ABE11EBB177</key>
		<dict>
			<key>buildActionMask</key>
			<string>2147483647</string>
			<key>files</key>
			<array/>
			<key>inputPaths</key>
			<array/>
			<key>isa</key>
			<string>PBXShellScriptBuildPhase</string>
			<key>name</key>
			<string>Copy Pods Resources</string>
			<key>outputPaths</key>
			<array/>
			<key>runOnlyForDeploymentPostprocessing</key>
			<string>0</string>
			<key>shellPath</key>
			<string>/bin/sh</string>
			<key>shellScript</key>
			<string>"${SRCROOT}/Pods/Target Support Files/Pods/Pods-resources.sh"
</string>
			<key>showEnvVarsInLog</key>
			<string>0</string>
		</dict>
		<key>67580414AB285F1A900EF4CB</key>
		<dict>
			<key>children</key>
			<array>
				<string>EE25D9E6257EC5364FD3A1AE</string>
				<string>87FA72EFEB4F8E5484D98D2A</string>
			</array>
			<key>isa</key>
			<string>PBXGroup</string>
			<key>name</key>
			<string>Pods</string>
			<key>sourceTree</key>
			<string>&lt;group&gt;</string>
		</dict>
		<key>87FA72EFEB4F8E5484D98D2A</key>
		<dict>
			<key>includeInIndex</key>
			<string>1</string>
			<key>isa</key>
			<string>PBXFileReference</string>
			<key>lastKnownFileType</key>
			<string>text.xcconfig</string>
			<key>name</key>
			<string>Pods.release.xcconfig</string>
			<key>path</key>
			<string>Pods/Target Support Files/Pods/Pods.release.xcconfig</string>
			<key>sourceTree</key>
			<string>&lt;group&gt;</string>
		</dict>
		<key>B26D76DE971AB60AF429F59D</key>
		<dict>
			<key>buildActionMask</key>
			<string>2147483647</string>
			<key>files</key>
			<array/>
			<key>inputPaths</key>
			<array/>
			<key>isa</key>
			<string>PBXShellScriptBuildPhase</string>
			<key>name</key>
			<string>Check Pods Manifest.lock</string>
			<key>outputPaths</key>
			<array/>
			<key>runOnlyForDeploymentPostprocessing</key>
			<string>0</string>
			<key>shellPath</key>
			<string>/bin/sh</string>
			<key>shellScript</key>
			<string>diff "${PODS_ROOT}/../Podfile.lock" "${PODS_ROOT}/Manifest.lock" &gt; /dev/null
if [[ $? != 0 ]] ; then
    cat &lt;&lt; EOM
error: The sandbox is not in sync with the Podfile.lock. Run 'pod install' or update your CocoaPods installation.
EOM
    exit 1
fi
</string>
			<key>showEnvVarsInLog</key>
			<string>0</string>
		</dict>
		<key>E091D1329B5750BFB867C96D</key>
		<dict>
			<key>explicitFileType</key>
			<string>archive.ar</string>
			<key>includeInIndex</key>
			<string>0</string>
			<key>isa</key>
			<string>PBXFileReference</string>
			<key>path</key>
			<string>libPods.a</string>
			<key>sourceTree</key>
			<string>BUILT_PRODUCTS_DIR</string>
		</dict>
		<key>EE25D9E6257EC5364FD3A1AE</key>
		<dict>
			<key>includeInIndex</key>
			<string>1</string>
			<key>isa</key>
			<string>PBXFileReference</string>
			<key>lastKnownFileType</key>
			<string>text.xcconfig</string>
			<key>name</key>
			<string>Pods.debug.xcconfig</string>
			<key>path</key>
			<string>Pods/Target Support Files/Pods/Pods.debug.xcconfig</string>
			<key>sourceTree</key>
			<string>&lt;group&gt;</string>
		</dict>
	</dict>
	<key>rootObject</key>
	<string>3ED595DD19DE5E92001154B5</string>
</dict>
</plist>
